
Microsoft Visual Studio Solution File, Format Version 12.00
# Visual Studio Version 16
VisualStudioVersion = 16.0.31005.135
MinimumVisualStudioVersion = 10.0.40219.1
Project("{FAE04EC0-301F-11D3-BF4B-00C04F79EFBC}") = "vc2opcua", "vc2opcua.csproj", "{76A4739C-6D15-406D-B28B-9DDF14D535DF}"
EndProject
Project("{9A19103F-16F7-4668-BE54-9A1E7A4F7556}") = "Opc.Ua.Core", "..\UA-.NETStandard\Stack\Opc.Ua.Core\Opc.Ua.Core.csproj", "{780BAB0E-993D-4841-AD31-D4556354F1CD}"
EndProject
Project("{2150E333-8FDC-42A3-9474-1A3956D46DE8}") = "OpcUaStack", "OpcUaStack", "{FA63F664-1624-45FB-AFB4-DE300882F2D8}"
EndProject
Project("{54435603-DBB4-11D2-8724-00A0C9A8B90C}") = "vc2opcuaSetup", "vc2opcuaSetup\vc2opcuaSetup.vdproj", "{F7EF6627-08D5-460C-9B7C-415F14C100D3}"
EndProject
Project("{9A19103F-16F7-4668-BE54-9A1E7A4F7556}") = "Opc.Ua.Server", "..\UA-.NETStandard\SampleApplications\SDK\Opc.Ua.Server\Opc.Ua.Server.csproj", "{BD30AC67-C7B8-4456-866C-920AD994D576}"
EndProject
Project("{9A19103F-16F7-4668-BE54-9A1E7A4F7556}") = "Opc.Ua.Configuration", "..\UA-.NETStandard\SampleApplications\SDK\Opc.Ua.Configuration\Opc.Ua.Configuration.csproj", "{532FA0D3-9D34-4DD1-A287-FA4EE751E40F}"
EndProject
Global
	GlobalSection(SolutionConfigurationPlatforms) = preSolution
		Debug|Any CPU = Debug|Any CPU
		Release|Any CPU = Release|Any CPU
	EndGlobalSection
	GlobalSection(ProjectConfigurationPlatforms) = postSolution
		{76A4739C-6D15-406D-B28B-9DDF14D535DF}.Debug|Any CPU.ActiveCfg = Debug|Any CPU
		{76A4739C-6D15-406D-B28B-9DDF14D535DF}.Debug|Any CPU.Build.0 = Debug|Any CPU
		{76A4739C-6D15-406D-B28B-9DDF14D535DF}.Release|Any CPU.ActiveCfg = Release|Any CPU
		{76A4739C-6D15-406D-B28B-9DDF14D535DF}.Release|Any CPU.Build.0 = Release|Any CPU
		{780BAB0E-993D-4841-AD31-D4556354F1CD}.Debug|Any CPU.ActiveCfg = Debug|Any CPU
		{780BAB0E-993D-4841-AD31-D4556354F1CD}.Debug|Any CPU.Build.0 = Debug|Any CPU
		{780BAB0E-993D-4841-AD31-D4556354F1CD}.Release|Any CPU.ActiveCfg = Release|Any CPU
		{780BAB0E-993D-4841-AD31-D4556354F1CD}.Release|Any CPU.Build.0 = Release|Any CPU
		{F7EF6627-08D5-460C-9B7C-415F14C100D3}.Debug|Any CPU.ActiveCfg = Debug
		{F7EF6627-08D5-460C-9B7C-415F14C100D3}.Release|Any CPU.ActiveCfg = Release
		{BD30AC67-C7B8-4456-866C-920AD994D576}.Debug|Any CPU.ActiveCfg = Debug|Any CPU
		{BD30AC67-C7B8-4456-866C-920AD994D576}.Debug|Any CPU.Build.0 = Debug|Any CPU
		{BD30AC67-C7B8-4456-866C-920AD994D576}.Release|Any CPU.ActiveCfg = Release|Any CPU
		{BD30AC67-C7B8-4456-866C-920AD994D576}.Release|Any CPU.Build.0 = Release|Any CPU
		{532FA0D3-9D34-4DD1-A287-FA4EE751E40F}.Debug|Any CPU.ActiveCfg = Debug|Any CPU
		{532FA0D3-9D34-4DD1-A287-FA4EE751E40F}.Debug|Any CPU.Build.0 = Debug|Any CPU
		{532FA0D3-9D34-4DD1-A287-FA4EE751E40F}.Release|Any CPU.ActiveCfg = Release|Any CPU
		{532FA0D3-9D34-4DD1-A287-FA4EE751E40F}.Release|Any CPU.Build.0 = Release|Any CPU
	EndGlobalSection
	GlobalSection(SolutionProperties) = preSolution
		HideSolutionNode = FALSE
	EndGlobalSection
	GlobalSection(NestedProjects) = preSolution
		{780BAB0E-993D-4841-AD31-D4556354F1CD} = {FA63F664-1624-45FB-AFB4-DE300882F2D8}
		{BD30AC67-C7B8-4456-866C-920AD994D576} = {FA63F664-1624-45FB-AFB4-DE300882F2D8}
		{532FA0D3-9D34-4DD1-A287-FA4EE751E40F} = {FA63F664-1624-45FB-AFB4-DE300882F2D8}
	EndGlobalSection
	GlobalSection(ExtensibilityGlobals) = postSolution
		SolutionGuid = {E90989C8-2E40-4E57-A440-3C673AF66303}
	EndGlobalSection
EndGlobal
